
Microsoft Visual Studio Solution File, Format Version 12.00
# Visual Studio Version 17
VisualStudioVersion = 17.1.32421.90
MinimumVisualStudioVersion = 10.0.40219.1
Project("{FAE04EC0-301F-11D3-BF4B-00C04F79EFBC}") = "5zadanie", "5zadanie\5zadanie.csproj", "{9932EECC-F2E6-45B1-A2A9-E44A36DD34D1}"
EndProject
Global
	GlobalSection(SolutionConfigurationPlatforms) = preSolution
		Debug|Any CPU = Debug|Any CPU
		Release|Any CPU = Release|Any CPU
	EndGlobalSection
	GlobalSection(ProjectConfigurationPlatforms) = postSolution
		{9932EECC-F2E6-45B1-A2A9-E44A36DD34D1}.Debug|Any CPU.ActiveCfg = Debug|Any CPU
		{9932EECC-F2E6-45B1-A2A9-E44A36DD34D1}.Debug|Any CPU.Build.0 = Debug|Any CPU
		{9932EECC-F2E6-45B1-A2A9-E44A36DD34D1}.Release|Any CPU.ActiveCfg = Release|Any CPU
		{9932EECC-F2E6-45B1-A2A9-E44A36DD34D1}.Release|Any CPU.Build.0 = Release|Any CPU
	EndGlobalSection
	GlobalSection(SolutionProperties) = preSolution
		HideSolutionNode = FALSE
	EndGlobalSection
	GlobalSection(ExtensibilityGlobals) = postSolution
		SolutionGuid = {6679F19F-2B8F-46C8-A091-EF6AA3A6A6C2}
	EndGlobalSection
EndGlobal
